// !$*UTF8*$!
{
	archiveVersion = 1;
	classes = {
	};
	objectVersion = 60;
	objects = {
		FF0100000000000000000004 /* Generate Bazel Dependencies */ = {
			isa = PBXShellScriptBuildPhase;
			alwaysOutOfDate = 1;
			buildActionMask = 2147483647;
			files = (
			);
			inputPaths = (
			);
			name = "Generate Bazel Dependencies";
			outputFileListPaths = (
				"$(INTERNAL_DIR)/generated.xcfilelist",
			);
			outputPaths = (
			);
			runOnlyForDeploymentPostprocessing = 0;
			shellPath = /bin/sh;
			shellScript = "\"$BAZEL_INTEGRATION_DIR/generate_bazel_dependencies.sh\"\n";
			showEnvVarsInLog = 0;
		};
		FF0100000000000000000005 /* Create swift_debug_settings.py */ = {
			isa = PBXShellScriptBuildPhase;
			buildActionMask = 2147483647;
			files = (
			);
			inputPaths = (
				"$(BAZEL_INTEGRATION_DIR)/$(CONFIGURATION)-swift_debug_settings.py",
			);
			name = "Create swift_debug_settings.py";
			outputPaths = (
				"$(OBJROOT)/$(CONFIGURATION)/swift_debug_settings.py",
			);
			runOnlyForDeploymentPostprocessing = 0;
			shellPath = /bin/sh;
			shellScript = "perl -pe '\n  # Replace \"__BAZEL_XCODE_DEVELOPER_DIR__\" with \"$(DEVELOPER_DIR)\"\n  s/__BAZEL_XCODE_DEVELOPER_DIR__/\\$(DEVELOPER_DIR)/g;\n\n  # Replace \"__BAZEL_XCODE_SDKROOT__\" with \"$(SDKROOT)\"\n  s/__BAZEL_XCODE_SDKROOT__/\\$(SDKROOT)/g;\n\n  # Replace build settings with their values\n  s/\n    \\$             # Match a dollar sign\n    (\\()?          # Optionally match an opening parenthesis and capture it\n    ([a-zA-Z_]\\w*) # Match a variable name and capture it\n    (?(1)\\))       # If an opening parenthesis was captured, match a closing parenthesis\n  /$ENV{$2}/gx;    # Replace the entire matched string with the value of the corresponding environment variable\n\n' \"$SCRIPT_INPUT_FILE_0\" > \"$SCRIPT_OUTPUT_FILE_0\"\n";
			showEnvVarsInLog = 0;
		};
		FF0100000000000000000100 /* Debug */ = {
			isa = XCBuildConfiguration;
			buildSettings = {
				BAZEL_PACKAGE_BIN_DIR = rules_xcodeproj;
				CALCULATE_OUTPUT_GROUPS_SCRIPT = "$(BAZEL_INTEGRATION_DIR)/calculate_output_groups.py";
				CC = "";
				CXX = "";
				INDEXING_SUPPORTED_PLATFORMS__ = "$(INDEXING_SUPPORTED_PLATFORMS__NO)";
				INDEXING_SUPPORTED_PLATFORMS__NO = iphonesimulator;
				INDEXING_SUPPORTED_PLATFORMS__YES = iphonesimulator;
				INDEX_DISABLE_SCRIPT_EXECUTION = YES;
				LD = "";
				LDPLUSPLUS = "";
				LIBTOOL = libtool;
				SUPPORTED_PLATFORMS = "$(INDEXING_SUPPORTED_PLATFORMS__$(INDEX_ENABLE_BUILD_ARENA))";
				SUPPORTS_MACCATALYST = YES;
				SWIFT_EXEC = swiftc;
				TAPI_EXEC = "";
				TARGET_IDS_FILE = "$(BAZEL_OUT)/darwin_arm64-dbg/bin/external/rules_xcodeproj~~internal~rules_xcodeproj_generated/generator/xcodeproj/xcodeproj_target_ids";
				TARGET_NAME = BazelDependencies;
			};
			name = Debug;
		};
		FF0100000000000000000002 /* Build configuration list for PBXAggregateTarget "BazelDependencies" */ = {
			isa = XCConfigurationList;
			buildConfigurations = (
				FF0100000000000000000100 /* Debug */,
			);
			defaultConfigurationIsVisible = 0;
			defaultConfigurationName = Debug;
		};
		FF0100000000000000000001 /* BazelDependencies */ = {
			isa = PBXAggregateTarget;
			buildConfigurationList = FF0100000000000000000002 /* Build configuration list for PBXAggregateTarget "BazelDependencies" */;
			buildPhases = (
				FF0100000000000000000004 /* Generate Bazel Dependencies */,
				FF0100000000000000000005 /* Create swift_debug_settings.py */,
			);
			dependencies = (
			);
			name = BazelDependencies;
			productName = BazelDependencies;
		};
		FF0000000000000000000100 /* Debug */ = {
			isa = XCBuildConfiguration;
			buildSettings = {
				ALWAYS_SEARCH_USER_PATHS = NO;
				ASSETCATALOG_COMPILER_GENERATE_ASSET_SYMBOLS = NO;
				BAZEL_CONFIG = rules_xcodeproj;
				BAZEL_EXTERNAL = "$(BAZEL_OUTPUT_BASE)/external";
				BAZEL_INTEGRATION_DIR = "$(INTERNAL_DIR)/bazel";
				BAZEL_LLDB_INIT = "$(HOME)/.lldbinit-rules_xcodeproj";
				BAZEL_OUT = "$(PROJECT_DIR)/bazel-out";
				BAZEL_OUTPUT_BASE = "$(_BAZEL_OUTPUT_BASE:standardizepath)";
				BAZEL_WORKSPACE_ROOT = "$(SRCROOT)";
				BUILD_DIR = "$(SYMROOT)/$(CONFIGURATION)$(EFFECTIVE_PLATFORM_NAME)";
				BUILD_MARKER_FILE = "$(OBJROOT)/build_marker";
				BUILD_WORKSPACE_DIRECTORY = "$(SRCROOT)";
				CC = "$(BAZEL_INTEGRATION_DIR)/clang.sh";
				CLANG_ENABLE_OBJC_ARC = YES;
				CLANG_MODULES_AUTOLINK = NO;
				CODE_SIGNING_ALLOWED = NO;
				CODE_SIGN_STYLE = Manual;
				CONFIGURATION_BUILD_DIR = "$(BUILD_DIR)/$(BAZEL_PACKAGE_BIN_DIR)";
				COPY_PHASE_STRIP = NO;
				CXX = "$(BAZEL_INTEGRATION_DIR)/clang.sh";
				DEBUG_INFORMATION_FORMAT = dwarf;
				DSTROOT = "$(PROJECT_TEMP_DIR)";
				ENABLE_DEBUG_DYLIB = NO;
				ENABLE_DEFAULT_SEARCH_PATHS = NO;
				ENABLE_STRICT_OBJC_MSGSEND = YES;
				ENABLE_USER_SCRIPT_SANDBOXING = NO;
				GCC_OPTIMIZATION_LEVEL = 0;
				IMPORT_INDEX_BUILD_INDEXSTORES = YES;
				INDEXING_PROJECT_DIR__ = "$(INDEXING_PROJECT_DIR__NO)";
				INDEXING_PROJECT_DIR__NO = /var/tmp/_bazel_serbypau/72424bc03a7bc107b0317cc85224e2b6/rules_xcodeproj.noindex/build_output_base/execroot/_main;
				INDEXING_PROJECT_DIR__YES = /var/tmp/_bazel_serbypau/72424bc03a7bc107b0317cc85224e2b6/rules_xcodeproj.noindex/indexbuild_output_base/execroot/_main;
				INDEX_DATA_STORE_DIR = "$(INDEX_DATA_STORE_DIR)";
				INDEX_FORCE_SCRIPT_EXECUTION = YES;
				INDEX_IMPORT = "$(BAZEL_OUT)/darwin_arm64-opt-exec-ST-d57f47055a04/bin/external/rules_xcodeproj~~non_module_deps~rules_xcodeproj_index_import/index-import";
				INSTALL_PATH = "$(BAZEL_PACKAGE_BIN_DIR)/$(TARGET_NAME)/bin";
				INTERNAL_DIR = "$(PROJECT_FILE_PATH)/rules_xcodeproj";
				LD = "$(BAZEL_INTEGRATION_DIR)/ld";
				LDPLUSPLUS = "$(BAZEL_INTEGRATION_DIR)/ld";
				LD_DYLIB_INSTALL_NAME = "";
				LD_OBJC_ABI_VERSION = "";
				LD_RUNPATH_SEARCH_PATHS = "";
				LEGACY_INDEX_IMPORT = "$(BAZEL_OUT)/darwin_arm64-opt-exec-ST-d57f47055a04/bin/external/rules_xcodeproj~~non_module_deps~rules_xcodeproj_legacy_index_import/index-import";
				LIBTOOL = "$(BAZEL_INTEGRATION_DIR)/libtool";
				ONLY_ACTIVE_ARCH = YES;
				PROJECT_DIR = /var/tmp/_bazel_serbypau/72424bc03a7bc107b0317cc85224e2b6/rules_xcodeproj.noindex/build_output_base/execroot/_main;
				RESOLVED_REPOSITORIES = "\".\" \"/Users/serbypau/Development/Swift/Cards\"";
				RULES_XCODEPROJ_BUILD_MODE = bazel;
				SRCROOT = /Users/serbypau/Development/Swift/Cards;
				SUPPORTS_MACCATALYST = NO;
				SWIFT_EXEC = "$(BAZEL_INTEGRATION_DIR)/swiftc";
				SWIFT_OBJC_INTERFACE_HEADER_NAME = "";
				SWIFT_OPTIMIZATION_LEVEL = "-Onone";
				SWIFT_USE_INTEGRATED_DRIVER = NO;
				SWIFT_VERSION = 5.0;
				TAPI_EXEC = /usr/bin/true;
				TARGET_TEMP_DIR = "$(PROJECT_TEMP_DIR)/$(BAZEL_PACKAGE_BIN_DIR)/$(COMPILE_TARGET_NAME)";
				USE_HEADERMAP = NO;
				VALIDATE_WORKSPACE = NO;
				_BAZEL_OUTPUT_BASE = "$(PROJECT_DIR)/../..";
			};
			name = Debug;
		};
		FF0000000000000000000002 /* Build configuration list for PBXProject */ = {
			isa = XCConfigurationList;
			buildConfigurations = (
				FF0000000000000000000100 /* Debug */,
			);
			defaultConfigurationIsVisible = 0;
			defaultConfigurationName = Debug;
		};
		FF0000000000000000000001 /* Project object */ = {
			isa = PBXProject;
			buildConfigurationList = FF0000000000000000000002 /* Build configuration list for PBXProject */;
			compatibilityVersion = "Xcode 15.0";
			developmentRegion = en;
			hasScannedForEncodings = 0;
			mainGroup = FF0000000000000000000003 /* /Users/serbypau/Development/Swift/Cards */;
			productRefGroup = FF0000000000000000000004 /* Products */;
			projectDirPath = /var/tmp/_bazel_serbypau/72424bc03a7bc107b0317cc85224e2b6/rules_xcodeproj.noindex/build_output_base/execroot/_main;
			projectRoot = "";
			attributes = {
				BuildIndependentTargetsInParallel = 1;
				LastSwiftUpdateCheck = 9999;
				LastUpgradeCheck = 9999;
				TargetAttributes = {
					FF0100000000000000000001 = {
						CreatedOnToolsVersion = 26.3.0;
						LastSwiftMigration = 9999;
					};
					0100B2C0EFBF000000000001 = {
						CreatedOnToolsVersion = 26.3.0;
						LastSwiftMigration = 9999;
					};
					0200979CF8F6000000000001 = {
						CreatedOnToolsVersion = 26.3.0;
						LastSwiftMigration = 9999;
						TestTargetID = 0100B2C0EFBF000000000001;
					};
					03005E265975000000000001 = {
						CreatedOnToolsVersion = 26.3.0;
						LastSwiftMigration = 9999;
						TestTargetID = 0100B2C0EFBF000000000001;
					};
					00000F9A6FDC000000000001 = {
						CreatedOnToolsVersion = 26.3.0;
						LastSwiftMigration = 9999;
					};
				};
			};
			knownRegions = (
				en,
				Base,
			);
			targets = (
				FF0100000000000000000001 /* BazelDependencies */,
				0100B2C0EFBF000000000001 /* Cards */,
				0200979CF8F6000000000001 /* CardsTests */,
				03005E265975000000000001 /* CardsUITests */,
				00000F9A6FDC000000000001 /* RSBarcodes_Swift */,
			);
		};
		00000F9A6FDC000000000003 /* Copy Bazel Outputs / Generate Bazel Dependencies (Index Build) */ = {
			isa = PBXShellScriptBuildPhase;
			alwaysOutOfDate = 1;
			buildActionMask = 2147483647;
			files = (
			);
			inputPaths = (
			);
			name = "Copy Bazel Outputs / Generate Bazel Dependencies (Index Build)";
			outputPaths = (
			);
			runOnlyForDeploymentPostprocessing = 0;
			shellPath = /bin/sh;
			shellScript = "set -euo pipefail\n\nif [[ \"$ACTION\" == \"indexbuild\" ]]; then\n  cd \"$SRCROOT\"\n\n  \"$BAZEL_INTEGRATION_DIR/generate_index_build_bazel_dependencies.sh\"\nelse\n  \"$BAZEL_INTEGRATION_DIR/copy_outputs.sh\" \\\n    \"_BazelForcedCompile_.swift\" \\\n    \"\"\nfi\n";
			showEnvVarsInLog = 0;
		};
		00000F9A6FDC000000000006 /* Sources */ = {
			isa = PBXSourcesBuildPhase;
			buildActionMask = 2147483647;
			files = (
				00FFA3BD8B8F9BC54E30E343 /* ContextMaker.swift in Sources */,
				00FF915EB2E4F32EDD3B3BFD /* RSCode128Generator.swift in Sources */,
				00FFD17AA03E1FD224B8316D /* RSCode39Generator.swift in Sources */,
				00FF20C6D392A80FF739F31A /* RSCode39Mod43Generator.swift in Sources */,
				00FF1F9E4E62A9B9B1831075 /* RSCode93Generator.swift in Sources */,
				00FFA2DCE13953BB231228BB /* RSCodeDataMatrixGenerator.swift in Sources */,
				00FFD992CA2BD4C854F206B0 /* RSCodeGenerator.swift in Sources */,
				00FF662128A73C28587F5D9E /* RSCodeLayer.swift in Sources */,
				00FF4923AA6117CFF28EE87E /* RSCodeReaderViewController.swift in Sources */,
				00FFB12952236B39A63DABF9 /* RSCornersLayer.swift in Sources */,
				00FF473C7DB6E701EA5B56C9 /* RSEANGenerator.swift in Sources */,
				00FF32B3288495EECC2DDAE9 /* RSExtendedCode39Generator.swift in Sources */,
				00FFD502FDF9CAED610D55C4 /* RSFocusMarkLayer.swift in Sources */,
				00FF2307C1B88531026155D5 /* RSITF14Generator.swift in Sources */,
				00FF61BE1850672C2DA756E4 /* RSITFGenerator.swift in Sources */,
				00FFAF9EC90FEC5620B72C60 /* RSUPCEGenerator.swift in Sources */,
				00FF524E2F6201FBF0B51624 /* RSUnifiedCodeGenerator.swift in Sources */,
				00FFA262FE96A0817F053080 /* RSUnifiedCodeValidator.swift in Sources */,
				00FFE032D07E3ECB06C1414C /* StringExtension.swift in Sources */,
				00FF6D1B223E19A847B20B75 /* UIColorExtension.swift in Sources */,
			);
			runOnlyForDeploymentPostprocessing = 0;
		};
		00000F9A6FDC000000000100 /* Debug */ = {
			isa = XCBuildConfiguration;
			buildSettings = {
				ARCHS = arm64;
				BAZEL_LABEL = "@@rules_swift_package_manager~~swift_deps~swiftpkg_rsbarcodes_swift//:RSBarcodes_Swift.rspm";
				BAZEL_OUTPUTS_PRODUCT = "bazel-out/ios_sim_arm64-dbg-ios-sim_arm64-min18.0-ST-24ebfd0c2f0e/bin/external/rules_swift_package_manager~~swift_deps~swiftpkg_rsbarcodes_swift/libRSBarcodes_Swift.rspm.a";
				BAZEL_OUTPUTS_PRODUCT_BASENAME = libRSBarcodes_Swift.rspm.a;
				BAZEL_PACKAGE_BIN_DIR = "bazel-out/ios_sim_arm64-dbg-ios-sim_arm64-min18.0-ST-24ebfd0c2f0e/bin/external/rules_swift_package_manager~~swift_deps~swiftpkg_rsbarcodes_swift";
				BAZEL_TARGET_ID = "@@rules_swift_package_manager~~swift_deps~swiftpkg_rsbarcodes_swift//:RSBarcodes_Swift.rspm ios_sim_arm64-dbg-ios-sim_arm64-min18.0-ST-24ebfd0c2f0e";
				COMPILE_TARGET_NAME = RSBarcodes_Swift.rspm;
				IPHONEOS_DEPLOYMENT_TARGET = 18.0;
				OTHER_SWIFT_FLAGS = "-Xcc -working-directory -Xcc $(PROJECT_DIR) -working-directory $(PROJECT_DIR) -emit-objc-header-path bazel-out/ios_sim_arm64-dbg-ios-sim_arm64-min18.0-ST-24ebfd0c2f0e/bin/external/rules_swift_package_manager~~swift_deps~swiftpkg_rsbarcodes_swift/RSBarcodes_Swift.rspm-Swift.h -enforce-exclusivity=checked -emit-const-values-path bazel-out/ios_sim_arm64-dbg-ios-sim_arm64-min18.0-ST-24ebfd0c2f0e/bin/external/rules_swift_package_manager~~swift_deps~swiftpkg_rsbarcodes_swift/RSBarcodes_Swift.rspm_objs/Source/ContextMaker.swift.swiftconstvalues -DDEBUG -Onone -Xfrontend -internalize-at-link -enable-testing -disable-sandbox -F$(DEVELOPER_DIR)/Platforms/iPhoneSimulator.platform/Developer/Library/Frameworks -F$(SDKROOT)/Developer/Library/Frameworks -I$(DEVELOPER_DIR)/Platforms/iPhoneSimulator.platform/Developer/usr/lib -file-compilation-dir . -plugin-path __BAZEL_SWIFT_TOOLCHAIN_PATH__/usr/lib/swift/host/plugins/testing -Xcc -iquote -Xcc $(PROJECT_DIR) -Xcc -iquote -Xcc $(BAZEL_OUT)/ios_sim_arm64-dbg-ios-sim_arm64-min18.0-ST-24ebfd0c2f0e/bin -Xfrontend -disable-clang-spi -enable-experimental-feature AccessLevelOnImport -DSWIFT_PACKAGE -Xcc -DSWIFT_PACKAGE -static -Xcc -O0 -Xcc -DDEBUG=1 -Xcc -fstack-protector -Xcc -fstack-protector-all -Xfrontend -checked-async-objc-bridging=on";
				PRODUCT_MODULE_NAME = RSBarcodes_Swift;
				PRODUCT_NAME = RSBarcodes_Swift.rspm;
				SDKROOT = iphoneos;
				SUPPORTED_PLATFORMS = iphonesimulator;
				SUPPORTS_MAC_DESIGNED_FOR_IPHONE_IPAD = NO;
				SWIFT_ENABLE_EMIT_CONST_VALUES = NO;
				SWIFT_VERSION = 5;
				TARGET_NAME = RSBarcodes_Swift;
			};
			name = Debug;
		};
		00000F9A6FDC000000000002 /* Build configuration list for PBXNativeTarget "RSBarcodes_Swift" */ = {
			isa = XCConfigurationList;
			buildConfigurations = (
				00000F9A6FDC000000000100 /* Debug */,
			);
			defaultConfigurationIsVisible = 0;
			defaultConfigurationName = Debug;
		};
		00000F9A6FDC0000000000FF /* libRSBarcodes_Swift.rspm.a */ = {isa = PBXFileReference; explicitFileType = archive.ar; includeInIndex = 0; path = libRSBarcodes_Swift.rspm.a; sourceTree = BUILT_PRODUCTS_DIR; };
		00000F9A6FDC000000000001 /* RSBarcodes_Swift */ = {
			isa = PBXNativeTarget;
			buildConfigurationList = 00000F9A6FDC000000000002 /* Build configuration list for PBXNativeTarget "RSBarcodes_Swift" */;
			buildPhases = (
				00000F9A6FDC000000000003 /* Copy Bazel Outputs / Generate Bazel Dependencies (Index Build) */,
				00000F9A6FDC000000000006 /* Sources */,
			);
			buildRules = (
			);
			dependencies = (
				00020F9A6FDCFF0001000000 /* PBXTargetDependency */,
			);
			name = RSBarcodes_Swift;
			productName = RSBarcodes_Swift.rspm;
			productType = "com.apple.product-type.library.static";
		};
		0100B2C0EFBF000000000003 /* Copy Bazel Outputs / Generate Bazel Dependencies (Index Build) */ = {
			isa = PBXShellScriptBuildPhase;
			alwaysOutOfDate = 1;
			buildActionMask = 2147483647;
			files = (
			);
			inputPaths = (
				"$(TARGET_BUILD_DIR)/$(INFOPLIST_PATH)",
			);
			name = "Copy Bazel Outputs / Generate Bazel Dependencies (Index Build)";
			outputPaths = (
			);
			runOnlyForDeploymentPostprocessing = 0;
			shellPath = /bin/sh;
			shellScript = "set -euo pipefail\n\nif [[ \"$ACTION\" == \"indexbuild\" ]]; then\n  cd \"$SRCROOT\"\n\n  \"$BAZEL_INTEGRATION_DIR/generate_index_build_bazel_dependencies.sh\"\nelse\n  \"$BAZEL_INTEGRATION_DIR/copy_outputs.sh\" \\\n    \"_BazelForcedCompile_.swift\" \\\n    \"$BAZEL_INTEGRATION_DIR/app.exclude.rsynclist\"\nfi\n";
			showEnvVarsInLog = 0;
		};
		0100B2C0EFBF000000000005 /* Create Link Dependencies */ = {
			isa = PBXShellScriptBuildPhase;
			buildActionMask = 2147483647;
			files = (
			);
			inputPaths = (
				"$(LINK_PARAMS_FILE)",
			);
			name = "Create Link Dependencies";
			outputPaths = (
				"$(DERIVED_FILE_DIR)/link.params",
			);
			runOnlyForDeploymentPostprocessing = 0;
			shellPath = /bin/sh;
			shellScript = "set -euo pipefail\n\nif [[ \"${ENABLE_PREVIEWS:-}\" == \"YES\" ]]; then\nperl -pe 's/\\$(\\()?([a-zA-Z_]\\w*)(?(1)\\))/$ENV{$2}/g' \\\n  \"$SCRIPT_INPUT_FILE_0\" > \"$SCRIPT_OUTPUT_FILE_0\"\nelse\n  touch \"$SCRIPT_OUTPUT_FILE_0\"\nfi\n";
			showEnvVarsInLog = 0;
		};
		0100B2C0EFBF000000000006 /* Sources */ = {
			isa = PBXSourcesBuildPhase;
			buildActionMask = 2147483647;
			files = (
				01FF849AE3C2EF6A78BD72C0 /* CardsApp.swift in Sources */,
				01FFD489BAB22443ECA102A0 /* BarcodeType.swift in Sources */,
				01FF5607DAF708411F336C55 /* CardItem.swift in Sources */,
				01FFA40050A1F2421B5A7D35 /* NavigationManager.swift in Sources */,
				01FF4F8FD92EE82F263ED63B /* NavigationRoute.swift in Sources */,
				01FF6BC6D4DA68E19DB35A69 /* Loader.swift in Sources */,
				01FF49F22B18A9A7D49C90FD /* PerformanceTracker.swift in Sources */,
				01FF71D873C19D5DB2C7B349 /* Colors.swift in Sources */,
				01FF1B9197E106C5B7E78DE0 /* CardItemView.swift in Sources */,
				01FF1B6D3F4215DBFE55F28A /* EditCardItemView.swift in Sources */,
				01FF3B46EC97F5A81AEAF7FE /* CardsView.swift in Sources */,
				01FF79C09C8835D3BB96BC20 /* CameraScannerView.swift in Sources */,
				01FF6CCBD1C3C6A5A61803FB /* ScannerViewControllerDelegate.swift in Sources */,
				01FFCF268BD20A9CBA5530BD /* SettingsView.swift in Sources */,
				01FFB464676581FC2D4C671D /* BarcodeView.swift in Sources */,
				01FFAC97C06366948622E114 /* Spinner.swift in Sources */,
				01FFC52A0B0F9B8B3CF9EA41 /* ConditionalModifier.swift in Sources */,
				01FFCA5E847FC6D4F3DE89FA /* PortraitLockedView.swift in Sources */,
			);
			runOnlyForDeploymentPostprocessing = 0;
		};
		0100B2C0EFBF000000000100 /* Debug */ = {
			isa = XCBuildConfiguration;
			buildSettings = {
				ARCHS = arm64;
				BAZEL_COMPILE_TARGET_IDS = "@@//Cards:Cards.library ios_sim_arm64-dbg-ios-sim_arm64-min18.0-ST-24ebfd0c2f0e";
				BAZEL_LABEL = "@@//Cards:Cards";
				BAZEL_OUTPUTS_PRODUCT = "bazel-out/ios_sim_arm64-dbg-ios-sim_arm64-min18.0-ST-24ebfd0c2f0e/bin/Cards/Cards.app";
				BAZEL_OUTPUTS_PRODUCT_BASENAME = Cards.app;
				BAZEL_PACKAGE_BIN_DIR = "bazel-out/ios_sim_arm64-dbg-ios-sim_arm64-min18.0-ST-24ebfd0c2f0e/bin/Cards";
				BAZEL_TARGET_ID = "@@//Cards:Cards ios_sim_arm64-dbg-ios-sim_arm64-min18.0-ST-24ebfd0c2f0e";
				COMPILE_TARGET_NAME = Cards;
				INFOPLIST_FILE = "$(BAZEL_OUT)/ios_sim_arm64-dbg-ios-sim_arm64-min18.0-ST-24ebfd0c2f0e/bin/Cards/rules_xcodeproj/Cards/Info.plist";
				IPHONEOS_DEPLOYMENT_TARGET = 18.0;
				LINK_PARAMS_FILE = "$(BAZEL_OUT)/ios_sim_arm64-dbg-ios-sim_arm64-min18.0-ST-24ebfd0c2f0e/bin/Cards/Cards.rules_xcodeproj.link.params";
				OTHER_LDFLAGS = "@$(DERIVED_FILE_DIR)/link.params";
				OTHER_SWIFT_FLAGS = "-Xcc -working-directory -Xcc $(PROJECT_DIR) -working-directory $(PROJECT_DIR) $(PREVIEWS_SWIFT_INCLUDE__$(ENABLE_PREVIEWS)) -enforce-exclusivity=checked -emit-const-values-path bazel-out/ios_sim_arm64-dbg-ios-sim_arm64-min18.0-ST-24ebfd0c2f0e/bin/Cards/Cards.library_objs/App/CardsApp.swift.swiftconstvalues -DDEBUG -Onone -Xfrontend -internalize-at-link -enable-testing -disable-sandbox -file-compilation-dir . -I$(BAZEL_OUT)/ios_sim_arm64-dbg-ios-sim_arm64-min18.0-ST-24ebfd0c2f0e/bin/external/rules_swift_package_manager~~swift_deps~swiftpkg_rsbarcodes_swift -Xcc -I -Xcc $(BAZEL_OUT)/ios_sim_arm64-dbg-ios-sim_arm64-min18.0-ST-24ebfd0c2f0e/bin/external/rules_swift_package_manager~~swift_deps~swiftpkg_rsbarcodes_swift/RSBarcodes_Swift.rspm_modulemap/_ -Xcc -iquote -Xcc $(BAZEL_EXTERNAL)/rules_swift_package_manager~~swift_deps~swiftpkg_rsbarcodes_swift -Xcc -iquote -Xcc $(BAZEL_OUT)/ios_sim_arm64-dbg-ios-sim_arm64-min18.0-ST-24ebfd0c2f0e/bin/external/rules_swift_package_manager~~swift_deps~swiftpkg_rsbarcodes_swift -Xcc -iquote -Xcc $(PROJECT_DIR) -Xcc -iquote -Xcc $(BAZEL_OUT)/ios_sim_arm64-dbg-ios-sim_arm64-min18.0-ST-24ebfd0c2f0e/bin -Xcc -fmodule-map-file=$(BAZEL_OUT)/ios_sim_arm64-dbg-ios-sim_arm64-min18.0-ST-24ebfd0c2f0e/bin/external/rules_swift_package_manager~~swift_deps~swiftpkg_rsbarcodes_swift/RSBarcodes_Swift.rspm_modulemap/_/module.modulemap -Xfrontend -disable-clang-spi -enable-experimental-feature AccessLevelOnImport -static -Xcc -O0 -Xcc -DDEBUG=1 -Xcc -fstack-protector -Xcc -fstack-protector-all -Xfrontend -checked-async-objc-bridging=on";
				PREVIEWS_SWIFT_INCLUDE__ = "";
				PREVIEWS_SWIFT_INCLUDE__NO = "";
				PREVIEWS_SWIFT_INCLUDE__YES = "-I$(BAZEL_OUT)/ios_sim_arm64-dbg-ios-sim_arm64-min18.0-ST-24ebfd0c2f0e/bin/Cards";
				PRODUCT_BUNDLE_IDENTIFIER = net.serby.Cards;
				PRODUCT_MODULE_NAME = Cards;
				PRODUCT_NAME = Cards;
				SDKROOT = iphoneos;
				SUPPORTED_PLATFORMS = iphonesimulator;
				SUPPORTS_MAC_DESIGNED_FOR_IPHONE_IPAD = NO;
				SWIFT_ENABLE_EMIT_CONST_VALUES = NO;
				TARGETED_DEVICE_FAMILY = 1;
				TARGET_NAME = Cards;
			};
			name = Debug;
		};
		0100B2C0EFBF000000000002 /* Build configuration list for PBXNativeTarget "Cards" */ = {
			isa = XCConfigurationList;
			buildConfigurations = (
				0100B2C0EFBF000000000100 /* Debug */,
			);
			defaultConfigurationIsVisible = 0;
			defaultConfigurationName = Debug;
		};
		0100B2C0EFBF0000000000FF /* Cards.app */ = {isa = PBXFileReference; explicitFileType = wrapper.application; includeInIndex = 0; path = Cards.app; sourceTree = BUILT_PRODUCTS_DIR; };
		0100B2C0EFBF000000000001 /* Cards */ = {
			isa = PBXNativeTarget;
			buildConfigurationList = 0100B2C0EFBF000000000002 /* Build configuration list for PBXNativeTarget "Cards" */;
			buildPhases = (
				0100B2C0EFBF000000000003 /* Copy Bazel Outputs / Generate Bazel Dependencies (Index Build) */,
				0100B2C0EFBF000000000005 /* Create Link Dependencies */,
				0100B2C0EFBF000000000006 /* Sources */,
			);
			buildRules = (
			);
			dependencies = (
				0102B2C0EFBFFF0001000000 /* PBXTargetDependency */,
			);
			name = Cards;
			productName = Cards;
			productReference = 0100B2C0EFBF0000000000FF /* Cards.app */;
			productType = "com.apple.product-type.application";
		};
		0200979CF8F6000000000003 /* Copy Bazel Outputs / Generate Bazel Dependencies (Index Build) */ = {
			isa = PBXShellScriptBuildPhase;
			alwaysOutOfDate = 1;
			buildActionMask = 2147483647;
			files = (
			);
			inputPaths = (
				"$(TARGET_BUILD_DIR)/$(INFOPLIST_PATH)",
			);
			name = "Copy Bazel Outputs / Generate Bazel Dependencies (Index Build)";
			outputPaths = (
			);
			runOnlyForDeploymentPostprocessing = 0;
			shellPath = /bin/sh;
			shellScript = "set -euo pipefail\n\nif [[ \"$ACTION\" == \"indexbuild\" ]]; then\n  cd \"$SRCROOT\"\n\n  \"$BAZEL_INTEGRATION_DIR/generate_index_build_bazel_dependencies.sh\"\nelse\n  \"$BAZEL_INTEGRATION_DIR/copy_outputs.sh\" \\\n    \"_BazelForcedCompile_.swift\" \\\n    \"$BAZEL_INTEGRATION_DIR/xctest.exclude.rsynclist\"\nfi\n";
			showEnvVarsInLog = 0;
		};
		0200979CF8F6000000000005 /* Create Link Dependencies */ = {
			isa = PBXShellScriptBuildPhase;
			buildActionMask = 2147483647;
			files = (
			);
			inputPaths = (
				"$(LINK_PARAMS_FILE)",
			);
			name = "Create Link Dependencies";
			outputPaths = (
				"$(DERIVED_FILE_DIR)/link.params",
			);
			runOnlyForDeploymentPostprocessing = 0;
			shellPath = /bin/sh;
			shellScript = "set -euo pipefail\n\nif [[ \"${ENABLE_PREVIEWS:-}\" == \"YES\" ]]; then\nperl -pe 's/\\$(\\()?([a-zA-Z_]\\w*)(?(1)\\))/$ENV{$2}/g' \\\n  \"$SCRIPT_INPUT_FILE_0\" > \"$SCRIPT_OUTPUT_FILE_0\"\nelse\n  touch \"$SCRIPT_OUTPUT_FILE_0\"\nfi\n";
			showEnvVarsInLog = 0;
		};
		0200979CF8F6000000000006 /* Sources */ = {
			isa = PBXSourcesBuildPhase;
			buildActionMask = 2147483647;
			files = (
				02FFF37D610A2AC7ED9526C2 /* BarcodeTypeTests.swift in Sources */,
				02FF9E74B8C5A5C49A2E10EB /* BarcodeViewTests.swift in Sources */,
				02FF227F64DBA1C3B1D35BFA /* CardItemTests.swift in Sources */,
				02FFDA05DD6B4D51F2DEA414 /* CardsTests.swift in Sources */,
				02FF0E2485923FC481B47252 /* NavigationTests.swift in Sources */,
				02FF89E99901E7CF2F21D46B /* PerformanceTrackerTests.swift in Sources */,
			);
			runOnlyForDeploymentPostprocessing = 0;
		};
		0200979CF8F6000000000100 /* Debug */ = {
			isa = XCBuildConfiguration;
			buildSettings = {
				ARCHS = arm64;
				BAZEL_COMPILE_TARGET_IDS = "@@//CardsTests:CardsTests.library ios_sim_arm64-dbg-ios-sim_arm64-min18.0-ST-24ebfd0c2f0e";
				BAZEL_LABEL = "@@//CardsTests:CardsTests";
				BAZEL_OUTPUTS_PRODUCT = "bazel-out/ios_sim_arm64-dbg-ios-sim_arm64-min18.0-ST-24ebfd0c2f0e/bin/CardsTests/CardsTests.__internal__.__test_bundle_archive-root/CardsTests.xctest";
				BAZEL_OUTPUTS_PRODUCT_BASENAME = CardsTests.xctest;
				BAZEL_PACKAGE_BIN_DIR = "bazel-out/ios_sim_arm64-dbg-ios-sim_arm64-min18.0-ST-24ebfd0c2f0e/bin/CardsTests";
				BAZEL_TARGET_ID = "@@//CardsTests:CardsTests ios_sim_arm64-dbg-ios-sim_arm64-min18.0-ST-24ebfd0c2f0e";
				COMPILE_TARGET_NAME = CardsTests;
				INFOPLIST_FILE = "$(BAZEL_OUT)/ios_sim_arm64-dbg-ios-sim_arm64-min18.0-ST-24ebfd0c2f0e/bin/CardsTests/rules_xcodeproj/CardsTests.__internal__.__test_bundle/Info.plist";
				IPHONEOS_DEPLOYMENT_TARGET = 18.0;
				LINK_PARAMS_FILE = "$(BAZEL_OUT)/ios_sim_arm64-dbg-ios-sim_arm64-min18.0-ST-24ebfd0c2f0e/bin/CardsTests/CardsTests.rules_xcodeproj.link.params";
				OTHER_LDFLAGS = "@$(DERIVED_FILE_DIR)/link.params";
				OTHER_SWIFT_FLAGS = "-Xcc -working-directory -Xcc $(PROJECT_DIR) -working-directory $(PROJECT_DIR) $(PREVIEWS_SWIFT_INCLUDE__$(ENABLE_PREVIEWS)) -enforce-exclusivity=checked -emit-const-values-path bazel-out/ios_sim_arm64-dbg-ios-sim_arm64-min18.0-ST-24ebfd0c2f0e/bin/CardsTests/CardsTests.library_objs/BarcodeTypeTests.swift.swiftconstvalues -DDEBUG -Onone -Xfrontend -internalize-at-link -enable-testing -disable-sandbox -F$(DEVELOPER_DIR)/Platforms/iPhoneSimulator.platform/Developer/Library/Frameworks -F$(SDKROOT)/Developer/Library/Frameworks -I$(DEVELOPER_DIR)/Platforms/iPhoneSimulator.platform/Developer/usr/lib -file-compilation-dir . -I$(BAZEL_OUT)/ios_sim_arm64-dbg-ios-sim_arm64-min18.0-ST-24ebfd0c2f0e/bin/external/rules_swift_package_manager~~swift_deps~swiftpkg_rsbarcodes_swift -I$(BAZEL_OUT)/ios_sim_arm64-dbg-ios-sim_arm64-min18.0-ST-24ebfd0c2f0e/bin/Cards -plugin-path __BAZEL_SWIFT_TOOLCHAIN_PATH__/usr/lib/swift/host/plugins/testing -Xcc -I -Xcc $(BAZEL_OUT)/ios_sim_arm64-dbg-ios-sim_arm64-min18.0-ST-24ebfd0c2f0e/bin/external/rules_swift_package_manager~~swift_deps~swiftpkg_rsbarcodes_swift/RSBarcodes_Swift.rspm_modulemap/_ -Xcc -iquote -Xcc $(BAZEL_EXTERNAL)/rules_swift_package_manager~~swift_deps~swiftpkg_rsbarcodes_swift -Xcc -iquote -Xcc $(BAZEL_OUT)/ios_sim_arm64-dbg-ios-sim_arm64-min18.0-ST-24ebfd0c2f0e/bin/external/rules_swift_package_manager~~swift_deps~swiftpkg_rsbarcodes_swift -Xcc -iquote -Xcc $(PROJECT_DIR) -Xcc -iquote -Xcc $(BAZEL_OUT)/ios_sim_arm64-dbg-ios-sim_arm64-min18.0-ST-24ebfd0c2f0e/bin -Xcc -fmodule-map-file=$(BAZEL_OUT)/ios_sim_arm64-dbg-ios-sim_arm64-min18.0-ST-24ebfd0c2f0e/bin/external/rules_swift_package_manager~~swift_deps~swiftpkg_rsbarcodes_swift/RSBarcodes_Swift.rspm_modulemap/_/module.modulemap -Xfrontend -disable-clang-spi -enable-experimental-feature AccessLevelOnImport -static -Xcc -O0 -Xcc -DDEBUG=1 -Xcc -fstack-protector -Xcc -fstack-protector-all -Xfrontend -checked-async-objc-bridging=on";
				PREVIEWS_SWIFT_INCLUDE__ = "";
				PREVIEWS_SWIFT_INCLUDE__NO = "";
				PREVIEWS_SWIFT_INCLUDE__YES = "-I$(BAZEL_OUT)/ios_sim_arm64-dbg-ios-sim_arm64-min18.0-ST-24ebfd0c2f0e/bin/CardsTests";
				PRODUCT_BUNDLE_IDENTIFIER = net.serby.CardsTests;
				PRODUCT_MODULE_NAME = CardsTests;
				PRODUCT_NAME = CardsTests;
				SDKROOT = iphoneos;
				SUPPORTED_PLATFORMS = iphonesimulator;
				SUPPORTS_MAC_DESIGNED_FOR_IPHONE_IPAD = NO;
				SWIFT_ENABLE_EMIT_CONST_VALUES = NO;
				TARGETED_DEVICE_FAMILY = "1,2";
				TARGET_BUILD_DIR = "$(BUILD_DIR)/bazel-out/ios_sim_arm64-dbg-ios-sim_arm64-min18.0-ST-24ebfd0c2f0e/bin/Cards$(TARGET_BUILD_SUBPATH)";
				TARGET_NAME = CardsTests;
				TEST_HOST = "$(BUILD_DIR)/bazel-out/ios_sim_arm64-dbg-ios-sim_arm64-min18.0-ST-24ebfd0c2f0e/bin/Cards/Cards.app/Cards";
			};
			name = Debug;
		};
		0200979CF8F6000000000002 /* Build configuration list for PBXNativeTarget "CardsTests" */ = {
			isa = XCConfigurationList;
			buildConfigurations = (
				0200979CF8F6000000000100 /* Debug */,
			);
			defaultConfigurationIsVisible = 0;
			defaultConfigurationName = Debug;
		};
		0200979CF8F60000000000FF /* CardsTests.xctest */ = {isa = PBXFileReference; explicitFileType = wrapper.cfbundle; includeInIndex = 0; path = CardsTests.xctest; sourceTree = BUILT_PRODUCTS_DIR; };
		0200979CF8F6000000000001 /* CardsTests */ = {
			isa = PBXNativeTarget;
			buildConfigurationList = 0200979CF8F6000000000002 /* Build configuration list for PBXNativeTarget "CardsTests" */;
			buildPhases = (
				0200979CF8F6000000000003 /* Copy Bazel Outputs / Generate Bazel Dependencies (Index Build) */,
				0200979CF8F6000000000005 /* Create Link Dependencies */,
				0200979CF8F6000000000006 /* Sources */,
			);
			buildRules = (
			);
			dependencies = (
				0202979CF8F6FF0001000000 /* PBXTargetDependency */,
				0202979CF8F60100B2C0EFBF /* PBXTargetDependency */,
			);
			name = CardsTests;
			productName = CardsTests;
			productReference = 0200979CF8F60000000000FF /* CardsTests.xctest */;
			productType = "com.apple.product-type.bundle.unit-test";
		};
		03005E265975000000000003 /* Copy Bazel Outputs / Generate Bazel Dependencies (Index Build) */ = {
			isa = PBXShellScriptBuildPhase;
			alwaysOutOfDate = 1;
			buildActionMask = 2147483647;
			files = (
			);
			inputPaths = (
				"$(TARGET_BUILD_DIR)/$(INFOPLIST_PATH)",
			);
			name = "Copy Bazel Outputs / Generate Bazel Dependencies (Index Build)";
			outputPaths = (
			);
			runOnlyForDeploymentPostprocessing = 0;
			shellPath = /bin/sh;
			shellScript = "set -euo pipefail\n\nif [[ \"$ACTION\" == \"indexbuild\" ]]; then\n  cd \"$SRCROOT\"\n\n  \"$BAZEL_INTEGRATION_DIR/generate_index_build_bazel_dependencies.sh\"\nelse\n  \"$BAZEL_INTEGRATION_DIR/copy_outputs.sh\" \\\n    \"_BazelForcedCompile_.swift\" \\\n    \"$BAZEL_INTEGRATION_DIR/xctest.exclude.rsynclist\"\nfi\n";
			showEnvVarsInLog = 0;
		};
		03005E265975000000000005 /* Create Link Dependencies */ = {
			isa = PBXShellScriptBuildPhase;
			buildActionMask = 2147483647;
			files = (
			);
			inputPaths = (
				"$(LINK_PARAMS_FILE)",
			);
			name = "Create Link Dependencies";
			outputPaths = (
				"$(DERIVED_FILE_DIR)/link.params",
			);
			runOnlyForDeploymentPostprocessing = 0;
			shellPath = /bin/sh;
			shellScript = "set -euo pipefail\n\nif [[ \"${ENABLE_PREVIEWS:-}\" == \"YES\" ]]; then\nperl -pe 's/\\$(\\()?([a-zA-Z_]\\w*)(?(1)\\))/$ENV{$2}/g' \\\n  \"$SCRIPT_INPUT_FILE_0\" > \"$SCRIPT_OUTPUT_FILE_0\"\nelse\n  touch \"$SCRIPT_OUTPUT_FILE_0\"\nfi\n";
			showEnvVarsInLog = 0;
		};
		03005E265975000000000006 /* Sources */ = {
			isa = PBXSourcesBuildPhase;
			buildActionMask = 2147483647;
			files = (
				03FFC405372FDB59CFCA93AC /* CardsUITests.swift in Sources */,
				03FF7B64651E6A11C421B0AA /* CardsUITestsLaunchTests.swift in Sources */,
			);
			runOnlyForDeploymentPostprocessing = 0;
		};
		03005E265975000000000100 /* Debug */ = {
			isa = XCBuildConfiguration;
			buildSettings = {
				ARCHS = arm64;
				BAZEL_COMPILE_TARGET_IDS = "@@//CardsUITests:CardsUITests.library ios_sim_arm64-dbg-ios-sim_arm64-min18.0-ST-24ebfd0c2f0e";
				BAZEL_LABEL = "@@//CardsUITests:CardsUITests";
				BAZEL_OUTPUTS_PRODUCT = "bazel-out/ios_sim_arm64-dbg-ios-sim_arm64-min18.0-ST-24ebfd0c2f0e/bin/CardsUITests/CardsUITests.__internal__.__test_bundle_archive-root/CardsUITests.xctest";
				BAZEL_OUTPUTS_PRODUCT_BASENAME = CardsUITests.xctest;
				BAZEL_PACKAGE_BIN_DIR = "bazel-out/ios_sim_arm64-dbg-ios-sim_arm64-min18.0-ST-24ebfd0c2f0e/bin/CardsUITests";
				BAZEL_TARGET_ID = "@@//CardsUITests:CardsUITests ios_sim_arm64-dbg-ios-sim_arm64-min18.0-ST-24ebfd0c2f0e";
				CODE_SIGNING_ALLOWED = YES;
				COMPILE_TARGET_NAME = CardsUITests;
				INFOPLIST_FILE = "$(BAZEL_OUT)/ios_sim_arm64-dbg-ios-sim_arm64-min18.0-ST-24ebfd0c2f0e/bin/CardsUITests/rules_xcodeproj/CardsUITests.__internal__.__test_bundle/Info.plist";
				IPHONEOS_DEPLOYMENT_TARGET = 18.0;
				LINK_PARAMS_FILE = "$(BAZEL_OUT)/ios_sim_arm64-dbg-ios-sim_arm64-min18.0-ST-24ebfd0c2f0e/bin/CardsUITests/CardsUITests.rules_xcodeproj.link.params";
				OTHER_LDFLAGS = "@$(DERIVED_FILE_DIR)/link.params";
				OTHER_SWIFT_FLAGS = "-Xcc -working-directory -Xcc $(PROJECT_DIR) -working-directory $(PROJECT_DIR) -enforce-exclusivity=checked -emit-const-values-path bazel-out/ios_sim_arm64-dbg-ios-sim_arm64-min18.0-ST-24ebfd0c2f0e/bin/CardsUITests/CardsUITests.library_objs/CardsUITests.swift.swiftconstvalues -DDEBUG -Onone -Xfrontend -internalize-at-link -enable-testing -disable-sandbox -F$(DEVELOPER_DIR)/Platforms/iPhoneSimulator.platform/Developer/Library/Frameworks -F$(SDKROOT)/Developer/Library/Frameworks -I$(DEVELOPER_DIR)/Platforms/iPhoneSimulator.platform/Developer/usr/lib -file-compilation-dir . -plugin-path __BAZEL_SWIFT_TOOLCHAIN_PATH__/usr/lib/swift/host/plugins/testing -Xcc -iquote -Xcc $(PROJECT_DIR) -Xcc -iquote -Xcc $(BAZEL_OUT)/ios_sim_arm64-dbg-ios-sim_arm64-min18.0-ST-24ebfd0c2f0e/bin -Xfrontend -disable-clang-spi -enable-experimental-feature AccessLevelOnImport -static -Xcc -O0 -Xcc -DDEBUG=1 -Xcc -fstack-protector -Xcc -fstack-protector-all -Xfrontend -checked-async-objc-bridging=on";
				PRODUCT_BUNDLE_IDENTIFIER = net.serby.CardsUITests;
				PRODUCT_MODULE_NAME = CardsUITests;
				PRODUCT_NAME = CardsUITests;
				SDKROOT = iphoneos;
				SUPPORTED_PLATFORMS = iphonesimulator;
				SUPPORTS_MAC_DESIGNED_FOR_IPHONE_IPAD = NO;
				SWIFT_ENABLE_EMIT_CONST_VALUES = NO;
				TARGETED_DEVICE_FAMILY = "1,2";
				TARGET_NAME = CardsUITests;
				TEST_TARGET_NAME = Cards;
			};
			name = Debug;
		};
		03005E265975000000000002 /* Build configuration list for PBXNativeTarget "CardsUITests" */ = {
			isa = XCConfigurationList;
			buildConfigurations = (
				03005E265975000000000100 /* Debug */,
			);
			defaultConfigurationIsVisible = 0;
			defaultConfigurationName = Debug;
		};
		03005E2659750000000000FF /* CardsUITests.xctest */ = {isa = PBXFileReference; explicitFileType = wrapper.cfbundle; includeInIndex = 0; path = CardsUITests.xctest; sourceTree = BUILT_PRODUCTS_DIR; };
		03005E265975000000000001 /* CardsUITests */ = {
			isa = PBXNativeTarget;
			buildConfigurationList = 03005E265975000000000002 /* Build configuration list for PBXNativeTarget "CardsUITests" */;
			buildPhases = (
				03005E265975000000000003 /* Copy Bazel Outputs / Generate Bazel Dependencies (Index Build) */,
				03005E265975000000000005 /* Create Link Dependencies */,
				03005E265975000000000006 /* Sources */,
			);
			buildRules = (
			);
			dependencies = (
				03025E265975FF0001000000 /* PBXTargetDependency */,
				03025E2659750100B2C0EFBF /* PBXTargetDependency */,
			);
			name = CardsUITests;
			productName = CardsUITests;
			productReference = 03005E2659750000000000FF /* CardsUITests.xctest */;
			productType = "com.apple.product-type.bundle.ui-testing";
		};
		0101B2C0EFBFFF0001000000 /* PBXContainerItemProxy */ = {
			isa = PBXContainerItemProxy;
			containerPortal = FF0000000000000000000001 /* Project object */;
			proxyType = 1;
			remoteGlobalIDString = FF0100000000000000000001;
			remoteInfo = BazelDependencies;
		};
		0102B2C0EFBFFF0001000000 /* PBXTargetDependency */ = {
			isa = PBXTargetDependency;
			name = BazelDependencies;
			target = FF0100000000000000000001 /* BazelDependencies */;
			targetProxy = 0101B2C0EFBFFF0001000000 /* PBXContainerItemProxy */;
		};
		0201979CF8F6FF0001000000 /* PBXContainerItemProxy */ = {
			isa = PBXContainerItemProxy;
			containerPortal = FF0000000000000000000001 /* Project object */;
			proxyType = 1;
			remoteGlobalIDString = FF0100000000000000000001;
			remoteInfo = BazelDependencies;
		};
		0202979CF8F6FF0001000000 /* PBXTargetDependency */ = {
			isa = PBXTargetDependency;
			name = BazelDependencies;
			target = FF0100000000000000000001 /* BazelDependencies */;
			targetProxy = 0201979CF8F6FF0001000000 /* PBXContainerItemProxy */;
		};
		0201979CF8F60100B2C0EFBF /* PBXContainerItemProxy */ = {
			isa = PBXContainerItemProxy;
			containerPortal = FF0000000000000000000001 /* Project object */;
			proxyType = 1;
			remoteGlobalIDString = 0100B2C0EFBF000000000001;
			remoteInfo = Cards;
		};
		0202979CF8F60100B2C0EFBF /* PBXTargetDependency */ = {
			isa = PBXTargetDependency;
			name = Cards;
			target = 0100B2C0EFBF000000000001 /* Cards */;
			targetProxy = 0201979CF8F60100B2C0EFBF /* PBXContainerItemProxy */;
		};
		03015E265975FF0001000000 /* PBXContainerItemProxy */ = {
			isa = PBXContainerItemProxy;
			containerPortal = FF0000000000000000000001 /* Project object */;
			proxyType = 1;
			remoteGlobalIDString = FF0100000000000000000001;
			remoteInfo = BazelDependencies;
		};
		03025E265975FF0001000000 /* PBXTargetDependency */ = {
			isa = PBXTargetDependency;
			name = BazelDependencies;
			target = FF0100000000000000000001 /* BazelDependencies */;
			targetProxy = 03015E265975FF0001000000 /* PBXContainerItemProxy */;
		};
		03015E2659750100B2C0EFBF /* PBXContainerItemProxy */ = {
			isa = PBXContainerItemProxy;
			containerPortal = FF0000000000000000000001 /* Project object */;
			proxyType = 1;
			remoteGlobalIDString = 0100B2C0EFBF000000000001;
			remoteInfo = Cards;
		};
		03025E2659750100B2C0EFBF /* PBXTargetDependency */ = {
			isa = PBXTargetDependency;
			name = Cards;
			target = 0100B2C0EFBF000000000001 /* Cards */;
			targetProxy = 03015E2659750100B2C0EFBF /* PBXContainerItemProxy */;
		};
		00010F9A6FDCFF0001000000 /* PBXContainerItemProxy */ = {
			isa = PBXContainerItemProxy;
			containerPortal = FF0000000000000000000001 /* Project object */;
			proxyType = 1;
			remoteGlobalIDString = FF0100000000000000000001;
			remoteInfo = BazelDependencies;
		};
		00020F9A6FDCFF0001000000 /* PBXTargetDependency */ = {
			isa = PBXTargetDependency;
			name = BazelDependencies;
			target = FF0100000000000000000001 /* BazelDependencies */;
			targetProxy = 00010F9A6FDCFF0001000000 /* PBXContainerItemProxy */;
		};
		FF0000000000000000000003 /* /Users/serbypau/Development/Swift/Cards */ = {
			isa = PBXGroup;
			children = (
				FE4616D3507A7FFDCAEFA474 /* Cards */,
				FE23F3CC2712A49E263B5C45 /* CardsTests */,
				FED4C51692F96206D5E6B8F1 /* CardsUITests */,
				FF0000000000000000000006 /* Bazel External Repositories */,
				FF0000000000000000000004 /* Products */,
				FF0000000000000000000005 /* Frameworks */,
			);
			path = /Users/serbypau/Development/Swift/Cards;
			sourceTree = "<absolute>";
		};
		FE008694C4774ADF359DA75D /* RSCode39Mod43Generator.swift */ = {isa = PBXFileReference; lastKnownFileType = sourcecode.swift; path = RSCode39Mod43Generator.swift; sourceTree = "<group>"; };
		FE02A27E4A3492177A98D7B8 /* SettingsView.swift */ = {isa = PBXFileReference; lastKnownFileType = sourcecode.swift; path = SettingsView.swift; sourceTree = "<group>"; };
		FE093ABD2870884CDEF95744 /* Settings */ = {
			isa = PBXGroup;
			children = (
				FEA5DEE4230672BA8BE34188 /* Views */,
			);
			path = Settings;
			sourceTree = "<group>";
		};
		FE0A977BCDF83F0F22D60736 /* Services */ = {
			isa = PBXGroup;
			children = (
				FEDF496D9846069B18560001 /* Loader.swift */,
				FE70877274071896529BB472 /* PerformanceTracker.swift */,
			);
			path = Services;
			sourceTree = "<group>";
		};
		FE0C901D8331CD1DEE5EE1E8 /* RSCodeLayer.swift */ = {isa = PBXFileReference; lastKnownFileType = sourcecode.swift; path = RSCodeLayer.swift; sourceTree = "<group>"; };
		FE0DB5C637A755640EC9936B /* EditCardItemView.swift */ = {isa = PBXFileReference; lastKnownFileType = sourcecode.swift; path = EditCardItemView.swift; sourceTree = "<group>"; };
		FE101578ED008359CC2664CC /* UI */ = {
			isa = PBXGroup;
			children = (
				FE4A1A791942C5B2A4C97A29 /* Components */,
				FEE6482DB66A4E0971872E7B /* Modifiers */,
			);
			path = UI;
			sourceTree = "<group>";
		};
		FE11319A30C8C16DE6E68792 /* CardsView.swift */ = {isa = PBXFileReference; lastKnownFileType = sourcecode.swift; path = CardsView.swift; sourceTree = "<group>"; };
		FE11E5918404DC1F57501080 /* CardDetail */ = {
			isa = PBXGroup;
			children = (
				FE7A7AEB6FBD5AEB3989646E /* Views */,
			);
			path = CardDetail;
			sourceTree = "<group>";
		};
		FE1447B3E03CD5DECE5792F8 /* rules_apple~ */ = {
			isa = PBXGroup;
			children = (
				FE48B2C987D00D8C92F95B0F /* apple */,
			);
			path = "rules_apple~";
			sourceTree = "<group>";
		};
		FE148F3567552E0C17940561 /* RSCornersLayer.swift */ = {isa = PBXFileReference; lastKnownFileType = sourcecode.swift; path = RSCornersLayer.swift; sourceTree = "<group>"; };
		FE1968CBCAD45697A5136776 /* CardsTests.swift */ = {isa = PBXFileReference; lastKnownFileType = sourcecode.swift; path = CardsTests.swift; sourceTree = "<group>"; };
		FE1CD9A5238FFF8EDE1E1A55 /* Cards */ = {
			isa = PBXGroup;
			children = (
				FE9CC6A261D7A79232C7554C /* Info.plist */,
			);
			path = Cards;
			sourceTree = "<group>";
		};
		FE22A005C9DAB21D4F714CA9 /* BarcodeType.swift */ = {isa = PBXFileReference; lastKnownFileType = sourcecode.swift; path = BarcodeType.swift; sourceTree = "<group>"; };
		FE22C1AB9DF100504BFC4E8D /* PortraitLockedView.swift */ = {isa = PBXFileReference; lastKnownFileType = sourcecode.swift; path = PortraitLockedView.swift; sourceTree = "<group>"; };
		FE23F3CC2712A49E263B5C45 /* CardsTests */ = {
			isa = PBXGroup;
			children = (
				FED6EC22A9CBCCD4D2EF47B5 /* Bazel Generated */,
				FE2A709884CACF8BD64FF7A8 /* BarcodeTypeTests.swift */,
				FE553D997AB475111BA81B4D /* BarcodeViewTests.swift */,
				FEC71A9E6970E5E9694A470B /* BUILD */,
				FE42AAAC45556E142E19C25F /* CardItemTests.swift */,
				FE1968CBCAD45697A5136776 /* CardsTests.swift */,
				FE9E66F999A81E7B4BACEDD7 /* NavigationTests.swift */,
				FE420AE952D65050B061EC69 /* PerformanceTrackerTests.swift */,
			);
			path = CardsTests;
			sourceTree = "<group>";
		};
		FE2422799248AC26BBA0AB0E /* CardEdit */ = {
			isa = PBXGroup;
			children = (
				FE850352B79026D2EBAF322B /* Views */,
			);
			path = CardEdit;
			sourceTree = "<group>";
		};
		FE28D78AEA15423550381560 /* RSCodeDataMatrixGenerator.swift */ = {isa = PBXFileReference; lastKnownFileType = sourcecode.swift; path = RSCodeDataMatrixGenerator.swift; sourceTree = "<group>"; };
		FE2A31E6DCF21E8CC1B460F5 /* Assets.xcassets */ = {isa = PBXFileReference; lastKnownFileType = folder.assetcatalog; path = Assets.xcassets; sourceTree = "<group>"; };
		FE2A709884CACF8BD64FF7A8 /* BarcodeTypeTests.swift */ = {isa = PBXFileReference; lastKnownFileType = sourcecode.swift; path = BarcodeTypeTests.swift; sourceTree = "<group>"; };
		FE2CCE90B4F7D41C1EE069DD /* Models */ = {
			isa = PBXGroup;
			children = (
				FE22A005C9DAB21D4F714CA9 /* BarcodeType.swift */,
				FE62F731E1CDE0169584BA4F /* CardItem.swift */,
			);
			path = Models;
			sourceTree = "<group>";
		};
		FE2D2B05A8DC9E47C01E90AE /* CardsUITestsLaunchTests.swift */ = {isa = PBXFileReference; lastKnownFileType = sourcecode.swift; path = CardsUITestsLaunchTests.swift; sourceTree = "<group>"; };
		FE2E8B716D04D10E809CCDD7 /* BUILD */ = {isa = PBXFileReference; explicitFileType = text.script.python; path = BUILD; sourceTree = "<group>"; };
		FE3394E8351D63F5B6C32D6D /* RSUnifiedCodeGenerator.swift */ = {isa = PBXFileReference; lastKnownFileType = sourcecode.swift; path = RSUnifiedCodeGenerator.swift; sourceTree = "<group>"; };
		FE39EB69B02427AE07163943 /* BUILD */ = {isa = PBXFileReference; explicitFileType = text.script.python; path = BUILD; sourceTree = "<group>"; };
		FE3A201A230927A0E328497F /* RSEANGenerator.swift */ = {isa = PBXFileReference; lastKnownFileType = sourcecode.swift; path = RSEANGenerator.swift; sourceTree = "<group>"; };
		FE3DC29E8856BCBEF2B20867 /* RSCode39Generator.swift */ = {isa = PBXFileReference; lastKnownFileType = sourcecode.swift; path = RSCode39Generator.swift; sourceTree = "<group>"; };
		FE3EB45300F9D27B0A65AA40 /* RSITF14Generator.swift */ = {isa = PBXFileReference; lastKnownFileType = sourcecode.swift; path = RSITF14Generator.swift; sourceTree = "<group>"; };
		FE40655EDDF4883740731ACD /* Source */ = {
			isa = PBXGroup;
			children = (
				FEFFE074C18024421417C8E3 /* ContextMaker.swift */,
				FE3DC29E8856BCBEF2B20867 /* RSCode39Generator.swift */,
				FE008694C4774ADF359DA75D /* RSCode39Mod43Generator.swift */,
				FE75D759852DEE26589AE2CB /* RSCode93Generator.swift */,
				FEFB0EB5756B1F2D63F6D77A /* RSCode128Generator.swift */,
				FE28D78AEA15423550381560 /* RSCodeDataMatrixGenerator.swift */,
				FEEA224260A2C5B410D70D26 /* RSCodeGenerator.swift */,
				FE0C901D8331CD1DEE5EE1E8 /* RSCodeLayer.swift */,
				FED08105F08934D5CE1A59EA /* RSCodeReaderViewController.swift */,
				FE148F3567552E0C17940561 /* RSCornersLayer.swift */,
				FE3A201A230927A0E328497F /* RSEANGenerator.swift */,
				FED35530797628A821AC0C99 /* RSExtendedCode39Generator.swift */,
				FEC5B38DDC24AF6512E58D24 /* RSFocusMarkLayer.swift */,
				FE3EB45300F9D27B0A65AA40 /* RSITF14Generator.swift */,
				FE492AD5883AB3DB281FFA72 /* RSITFGenerator.swift */,
				FE3394E8351D63F5B6C32D6D /* RSUnifiedCodeGenerator.swift */,
				FED3C9C6CFA56CD7A9E1EDB3 /* RSUnifiedCodeValidator.swift */,
				FE62F98FDB5822EB1E8D9EB6 /* RSUPCEGenerator.swift */,
				FEAE44B19CB6B6497468F1A3 /* StringExtension.swift */,
				FE692C08EBE2FDEC6038CC44 /* UIColorExtension.swift */,
			);
			path = Source;
			sourceTree = "<group>";
		};
		FE415BCE862E5D65DA551AB6 /* App */ = {
			isa = PBXGroup;
			children = (
				FE4B7BD6C3575C9DDD65923B /* CardsApp.swift */,
			);
			path = App;
			sourceTree = "<group>";
		};
		FE420AE952D65050B061EC69 /* PerformanceTrackerTests.swift */ = {isa = PBXFileReference; lastKnownFileType = sourcecode.swift; path = PerformanceTrackerTests.swift; sourceTree = "<group>"; };
		FE42AAAC45556E142E19C25F /* CardItemTests.swift */ = {isa = PBXFileReference; lastKnownFileType = sourcecode.swift; path = CardItemTests.swift; sourceTree = "<group>"; };
		FE44205C12025A6BA7BCF5D5 /* CardList */ = {
			isa = PBXGroup;
			children = (
				FEA682D118C28D5C2CAAB8F7 /* Views */,
			);
			path = CardList;
			sourceTree = "<group>";
		};
		FE4616D3507A7FFDCAEFA474 /* Cards */ = {
			isa = PBXGroup;
			children = (
				FE415BCE862E5D65DA551AB6 /* App */,
				FE46452E63776179F50F5BB3 /* Core */,
				FED918416D240BAC717E9E42 /* Features */,
				FE101578ED008359CC2664CC /* UI */,
				FED419CD6BC90D6B33EEC63E /* Bazel Generated */,
				FE2A31E6DCF21E8CC1B460F5 /* Assets.xcassets */,
				FE39EB69B02427AE07163943 /* BUILD */,
			);
			path = Cards;
			sourceTree = "<group>";
		};
		FE46452E63776179F50F5BB3 /* Core */ = {
			isa = PBXGroup;
			children = (
				FE2CCE90B4F7D41C1EE069DD /* Models */,
				FE8304ABE9B4A0787F7983F5 /* Navigation */,
				FE0A977BCDF83F0F22D60736 /* Services */,
				FEF1C9FED407FBF8F9C20371 /* Theme */,
			);
			path = Core;
			sourceTree = "<group>";
		};
		FE47607EF96A8F537A899402 /* rules_xcodeproj */ = {
			isa = PBXGroup;
			children = (
				FE9CE410DDFD17FE45BA7622 /* CardsUITests.__internal__.__test_bundle */,
			);
			path = rules_xcodeproj;
			sourceTree = "<group>";
		};
		FE48B2C987D00D8C92F95B0F /* apple */ = {
			isa = PBXGroup;
			children = (
				FEF91B5FC6E8B1E780B20EF9 /* testing */,
			);
			path = apple;
			sourceTree = "<group>";
		};
		FE492AD5883AB3DB281FFA72 /* RSITFGenerator.swift */ = {isa = PBXFileReference; lastKnownFileType = sourcecode.swift; path = RSITFGenerator.swift; sourceTree = "<group>"; };
		FE4A1A791942C5B2A4C97A29 /* Components */ = {
			isa = PBXGroup;
			children = (
				FE93E056F9639CD1B4C6DDC2 /* BarcodeView.swift */,
				FECE69235AD777F0C9B79ED8 /* Spinner.swift */,
			);
			path = Components;
			sourceTree = "<group>";
		};
		FE4B7BD6C3575C9DDD65923B /* CardsApp.swift */ = {isa = PBXFileReference; lastKnownFileType = sourcecode.swift; path = CardsApp.swift; sourceTree = "<group>"; };
		FE52E31D0BA0259A739F11BD /* CardItemView.swift */ = {isa = PBXFileReference; lastKnownFileType = sourcecode.swift; path = CardItemView.swift; sourceTree = "<group>"; };
		FE553D997AB475111BA81B4D /* BarcodeViewTests.swift */ = {isa = PBXFileReference; lastKnownFileType = sourcecode.swift; path = BarcodeViewTests.swift; sourceTree = "<group>"; };
		FE62F731E1CDE0169584BA4F /* CardItem.swift */ = {isa = PBXFileReference; lastKnownFileType = sourcecode.swift; path = CardItem.swift; sourceTree = "<group>"; };
		FE62F98FDB5822EB1E8D9EB6 /* RSUPCEGenerator.swift */ = {isa = PBXFileReference; lastKnownFileType = sourcecode.swift; path = RSUPCEGenerator.swift; sourceTree = "<group>"; };
		FE682BF4CAD269DBE6BD7BAB /* Bazel Generated */ = {
			isa = PBXGroup;
			children = (
				FE47607EF96A8F537A899402 /* rules_xcodeproj */,
			);
			name = "Bazel Generated";
			path = "bazel-out/ios_sim_arm64-dbg-ios-sim_arm64-min18.0-ST-24ebfd0c2f0e/bin/CardsUITests";
			sourceTree = SOURCE_ROOT;
		};
		FE692C08EBE2FDEC6038CC44 /* UIColorExtension.swift */ = {isa = PBXFileReference; lastKnownFileType = sourcecode.swift; path = UIColorExtension.swift; sourceTree = "<group>"; };
		FE6BE96A86EE318739447C47 /* CardsTests.__internal__.__test_bundle */ = {
			isa = PBXGroup;
			children = (
				FEDD8EE875C1F0473B2E0A22 /* Info.plist */,
			);
			path = CardsTests.__internal__.__test_bundle;
			sourceTree = "<group>";
		};
		FE6C6991D8C1051A49383C07 /* rules_xcodeproj */ = {
			isa = PBXGroup;
			children = (
				FE1CD9A5238FFF8EDE1E1A55 /* Cards */,
			);
			path = rules_xcodeproj;
			sourceTree = "<group>";
		};
		FE70877274071896529BB472 /* PerformanceTracker.swift */ = {isa = PBXFileReference; lastKnownFileType = sourcecode.swift; path = PerformanceTracker.swift; sourceTree = "<group>"; };
		FE73E53E0051DE677E2A4476 /* CardsUITests.swift */ = {isa = PBXFileReference; lastKnownFileType = sourcecode.swift; path = CardsUITests.swift; sourceTree = "<group>"; };
		FE75D759852DEE26589AE2CB /* RSCode93Generator.swift */ = {isa = PBXFileReference; lastKnownFileType = sourcecode.swift; path = RSCode93Generator.swift; sourceTree = "<group>"; };
		FE76CDBF466886F019AED9A9 /* ConditionalModifier.swift */ = {isa = PBXFileReference; lastKnownFileType = sourcecode.swift; path = ConditionalModifier.swift; sourceTree = "<group>"; };
		FE7A7AEB6FBD5AEB3989646E /* Views */ = {
			isa = PBXGroup;
			children = (
				FE52E31D0BA0259A739F11BD /* CardItemView.swift */,
			);
			path = Views;
			sourceTree = "<group>";
		};
		FE8304ABE9B4A0787F7983F5 /* Navigation */ = {
			isa = PBXGroup;
			children = (
				FECE84A6C7DB53B850DE72B8 /* NavigationManager.swift */,
				FEE3947611E8819F01368392 /* NavigationRoute.swift */,
			);
			path = Navigation;
			sourceTree = "<group>";
		};
		FE850352B79026D2EBAF322B /* Views */ = {
			isa = PBXGroup;
			children = (
				FE0DB5C637A755640EC9936B /* EditCardItemView.swift */,
			);
			path = Views;
			sourceTree = "<group>";
		};
		FE93E056F9639CD1B4C6DDC2 /* BarcodeView.swift */ = {isa = PBXFileReference; lastKnownFileType = sourcecode.swift; path = BarcodeView.swift; sourceTree = "<group>"; };
		FE9CC6A261D7A79232C7554C /* Info.plist */ = {isa = PBXFileReference; lastKnownFileType = text.plist; path = Info.plist; sourceTree = "<group>"; };
		FE9CE410DDFD17FE45BA7622 /* CardsUITests.__internal__.__test_bundle */ = {
			isa = PBXGroup;
			children = (
				FED009C514AA5CD73C6F86BF /* Info.plist */,
			);
			path = CardsUITests.__internal__.__test_bundle;
			sourceTree = "<group>";
		};
		FE9E66F999A81E7B4BACEDD7 /* NavigationTests.swift */ = {isa = PBXFileReference; lastKnownFileType = sourcecode.swift; path = NavigationTests.swift; sourceTree = "<group>"; };
		FE9F61C5C4261DB51683094A /* ScannerViewControllerDelegate.swift */ = {isa = PBXFileReference; lastKnownFileType = sourcecode.swift; path = ScannerViewControllerDelegate.swift; sourceTree = "<group>"; };
		FEA0285F59BE7E361949D022 /* rules_xcodeproj */ = {
			isa = PBXGroup;
			children = (
				FE6BE96A86EE318739447C47 /* CardsTests.__internal__.__test_bundle */,
			);
			path = rules_xcodeproj;
			sourceTree = "<group>";
		};
		FEA5DEE4230672BA8BE34188 /* Views */ = {
			isa = PBXGroup;
			children = (
				FE02A27E4A3492177A98D7B8 /* SettingsView.swift */,
			);
			path = Views;
			sourceTree = "<group>";
		};
		FEA682D118C28D5C2CAAB8F7 /* Views */ = {
			isa = PBXGroup;
			children = (
				FE11319A30C8C16DE6E68792 /* CardsView.swift */,
			);
			path = Views;
			sourceTree = "<group>";
		};
		FEADB66B5A20BEBD93E6C962 /* Views */ = {
			isa = PBXGroup;
			children = (
				FEBABA7ACF9591BFBA3D02A2 /* CameraScannerView.swift */,
				FE9F61C5C4261DB51683094A /* ScannerViewControllerDelegate.swift */,
			);
			path = Views;
			sourceTree = "<group>";
		};
		FEAE44B19CB6B6497468F1A3 /* StringExtension.swift */ = {isa = PBXFileReference; lastKnownFileType = sourcecode.swift; path = StringExtension.swift; sourceTree = "<group>"; };
		FEB187CEF9C2C77B3E98F374 /* rules_swift_package_manager~~swift_deps~swiftpkg_rsbarcodes_swift */ = {
			isa = PBXGroup;
			children = (
				FE40655EDDF4883740731ACD /* Source */,
			);
			path = "rules_swift_package_manager~~swift_deps~swiftpkg_rsbarcodes_swift";
			sourceTree = "<group>";
		};
		FEBABA7ACF9591BFBA3D02A2 /* CameraScannerView.swift */ = {isa = PBXFileReference; lastKnownFileType = sourcecode.swift; path = CameraScannerView.swift; sourceTree = "<group>"; };
		FEC5B38DDC24AF6512E58D24 /* RSFocusMarkLayer.swift */ = {isa = PBXFileReference; lastKnownFileType = sourcecode.swift; path = RSFocusMarkLayer.swift; sourceTree = "<group>"; };
		FEC71A9E6970E5E9694A470B /* BUILD */ = {isa = PBXFileReference; explicitFileType = text.script.python; path = BUILD; sourceTree = "<group>"; };
		FECE69235AD777F0C9B79ED8 /* Spinner.swift */ = {isa = PBXFileReference; lastKnownFileType = sourcecode.swift; path = Spinner.swift; sourceTree = "<group>"; };
		FECE84A6C7DB53B850DE72B8 /* NavigationManager.swift */ = {isa = PBXFileReference; lastKnownFileType = sourcecode.swift; path = NavigationManager.swift; sourceTree = "<group>"; };
		FED009C514AA5CD73C6F86BF /* Info.plist */ = {isa = PBXFileReference; lastKnownFileType = text.plist; path = Info.plist; sourceTree = "<group>"; };
		FED08105F08934D5CE1A59EA /* RSCodeReaderViewController.swift */ = {isa = PBXFileReference; lastKnownFileType = sourcecode.swift; path = RSCodeReaderViewController.swift; sourceTree = "<group>"; };
		FED1D8A12339011B9312CE5F /* Bazel.Info.plist */ = {isa = PBXFileReference; lastKnownFileType = text.plist; path = Bazel.Info.plist; sourceTree = "<group>"; };
		FED35530797628A821AC0C99 /* RSExtendedCode39Generator.swift */ = {isa = PBXFileReference; lastKnownFileType = sourcecode.swift; path = RSExtendedCode39Generator.swift; sourceTree = "<group>"; };
		FED3C9C6CFA56CD7A9E1EDB3 /* RSUnifiedCodeValidator.swift */ = {isa = PBXFileReference; lastKnownFileType = sourcecode.swift; path = RSUnifiedCodeValidator.swift; sourceTree = "<group>"; };
		FED419CD6BC90D6B33EEC63E /* Bazel Generated */ = {
			isa = PBXGroup;
			children = (
				FE6C6991D8C1051A49383C07 /* rules_xcodeproj */,
				FED1D8A12339011B9312CE5F /* Bazel.Info.plist */,
			);
			name = "Bazel Generated";
			path = "bazel-out/ios_sim_arm64-dbg-ios-sim_arm64-min18.0-ST-24ebfd0c2f0e/bin/Cards";
			sourceTree = SOURCE_ROOT;
		};
		FED4C51692F96206D5E6B8F1 /* CardsUITests */ = {
			isa = PBXGroup;
			children = (
				FE682BF4CAD269DBE6BD7BAB /* Bazel Generated */,
				FE2E8B716D04D10E809CCDD7 /* BUILD */,
				FE73E53E0051DE677E2A4476 /* CardsUITests.swift */,
				FE2D2B05A8DC9E47C01E90AE /* CardsUITestsLaunchTests.swift */,
			);
			path = CardsUITests;
			sourceTree = "<group>";
		};
		FED6EC22A9CBCCD4D2EF47B5 /* Bazel Generated */ = {
			isa = PBXGroup;
			children = (
				FEA0285F59BE7E361949D022 /* rules_xcodeproj */,
			);
			name = "Bazel Generated";
			path = "bazel-out/ios_sim_arm64-dbg-ios-sim_arm64-min18.0-ST-24ebfd0c2f0e/bin/CardsTests";
			sourceTree = SOURCE_ROOT;
		};
		FED918416D240BAC717E9E42 /* Features */ = {
			isa = PBXGroup;
			children = (
				FE11E5918404DC1F57501080 /* CardDetail */,
				FE2422799248AC26BBA0AB0E /* CardEdit */,
				FE44205C12025A6BA7BCF5D5 /* CardList */,
				FEEB47C65DA079E00583ABD7 /* Scanner */,
				FE093ABD2870884CDEF95744 /* Settings */,
			);
			path = Features;
			sourceTree = "<group>";
		};
		FEDD8EE875C1F0473B2E0A22 /* Info.plist */ = {isa = PBXFileReference; lastKnownFileType = text.plist; path = Info.plist; sourceTree = "<group>"; };
		FEDE3E10F963038A03AF9F61 /* DefaultTestBundle.plist */ = {isa = PBXFileReference; lastKnownFileType = text.plist; path = DefaultTestBundle.plist; sourceTree = "<group>"; };
		FEDF496D9846069B18560001 /* Loader.swift */ = {isa = PBXFileReference; lastKnownFileType = sourcecode.swift; path = Loader.swift; sourceTree = "<group>"; };
		FEE3947611E8819F01368392 /* NavigationRoute.swift */ = {isa = PBXFileReference; lastKnownFileType = sourcecode.swift; path = NavigationRoute.swift; sourceTree = "<group>"; };
		FEE6482DB66A4E0971872E7B /* Modifiers */ = {
			isa = PBXGroup;
			children = (
				FE76CDBF466886F019AED9A9 /* ConditionalModifier.swift */,
				FE22C1AB9DF100504BFC4E8D /* PortraitLockedView.swift */,
			);
			path = Modifiers;
			sourceTree = "<group>";
		};
		FEEA224260A2C5B410D70D26 /* RSCodeGenerator.swift */ = {isa = PBXFileReference; lastKnownFileType = sourcecode.swift; path = RSCodeGenerator.swift; sourceTree = "<group>"; };
		FEEB47C65DA079E00583ABD7 /* Scanner */ = {
			isa = PBXGroup;
			children = (
				FEADB66B5A20BEBD93E6C962 /* Views */,
			);
			path = Scanner;
			sourceTree = "<group>";
		};
		FEF1C9FED407FBF8F9C20371 /* Theme */ = {
			isa = PBXGroup;
			children = (
				FEF603C38D0741877723DA9A /* Colors.swift */,
			);
			path = Theme;
			sourceTree = "<group>";
		};
		FEF603C38D0741877723DA9A /* Colors.swift */ = {isa = PBXFileReference; lastKnownFileType = sourcecode.swift; path = Colors.swift; sourceTree = "<group>"; };
		FEF91B5FC6E8B1E780B20EF9 /* testing */ = {
			isa = PBXGroup;
			children = (
				FEDE3E10F963038A03AF9F61 /* DefaultTestBundle.plist */,
			);
			path = testing;
			sourceTree = "<group>";
		};
		FEFB0EB5756B1F2D63F6D77A /* RSCode128Generator.swift */ = {isa = PBXFileReference; lastKnownFileType = sourcecode.swift; path = RSCode128Generator.swift; sourceTree = "<group>"; };
		FEFFE074C18024421417C8E3 /* ContextMaker.swift */ = {isa = PBXFileReference; lastKnownFileType = sourcecode.swift; path = ContextMaker.swift; sourceTree = "<group>"; };
		FF0000000000000000000006 /* Bazel External Repositories */ = {
			isa = PBXGroup;
			children = (
				FE1447B3E03CD5DECE5792F8 /* rules_apple~ */,
				FEB187CEF9C2C77B3E98F374 /* rules_swift_package_manager~~swift_deps~swiftpkg_rsbarcodes_swift */,
			);
			name = "Bazel External Repositories";
			path = ../../external;
			sourceTree = SOURCE_ROOT;
		};
		00FF1F9E4E62A9B9B1831075 /* RSCode93Generator.swift in Sources */ = {isa = PBXBuildFile; fileRef = FE75D759852DEE26589AE2CB /* RSCode93Generator.swift */; };
		00FF20C6D392A80FF739F31A /* RSCode39Mod43Generator.swift in Sources */ = {isa = PBXBuildFile; fileRef = FE008694C4774ADF359DA75D /* RSCode39Mod43Generator.swift */; };
		00FF2307C1B88531026155D5 /* RSITF14Generator.swift in Sources */ = {isa = PBXBuildFile; fileRef = FE3EB45300F9D27B0A65AA40 /* RSITF14Generator.swift */; };
		00FF32B3288495EECC2DDAE9 /* RSExtendedCode39Generator.swift in Sources */ = {isa = PBXBuildFile; fileRef = FED35530797628A821AC0C99 /* RSExtendedCode39Generator.swift */; };
		00FF473C7DB6E701EA5B56C9 /* RSEANGenerator.swift in Sources */ = {isa = PBXBuildFile; fileRef = FE3A201A230927A0E328497F /* RSEANGenerator.swift */; };
		00FF4923AA6117CFF28EE87E /* RSCodeReaderViewController.swift in Sources */ = {isa = PBXBuildFile; fileRef = FED08105F08934D5CE1A59EA /* RSCodeReaderViewController.swift */; };
		00FF524E2F6201FBF0B51624 /* RSUnifiedCodeGenerator.swift in Sources */ = {isa = PBXBuildFile; fileRef = FE3394E8351D63F5B6C32D6D /* RSUnifiedCodeGenerator.swift */; };
		00FF61BE1850672C2DA756E4 /* RSITFGenerator.swift in Sources */ = {isa = PBXBuildFile; fileRef = FE492AD5883AB3DB281FFA72 /* RSITFGenerator.swift */; };
		00FF662128A73C28587F5D9E /* RSCodeLayer.swift in Sources */ = {isa = PBXBuildFile; fileRef = FE0C901D8331CD1DEE5EE1E8 /* RSCodeLayer.swift */; };
		00FF6D1B223E19A847B20B75 /* UIColorExtension.swift in Sources */ = {isa = PBXBuildFile; fileRef = FE692C08EBE2FDEC6038CC44 /* UIColorExtension.swift */; };
		00FF915EB2E4F32EDD3B3BFD /* RSCode128Generator.swift in Sources */ = {isa = PBXBuildFile; fileRef = FEFB0EB5756B1F2D63F6D77A /* RSCode128Generator.swift */; };
		00FFA262FE96A0817F053080 /* RSUnifiedCodeValidator.swift in Sources */ = {isa = PBXBuildFile; fileRef = FED3C9C6CFA56CD7A9E1EDB3 /* RSUnifiedCodeValidator.swift */; };
		00FFA2DCE13953BB231228BB /* RSCodeDataMatrixGenerator.swift in Sources */ = {isa = PBXBuildFile; fileRef = FE28D78AEA15423550381560 /* RSCodeDataMatrixGenerator.swift */; };
		00FFA3BD8B8F9BC54E30E343 /* ContextMaker.swift in Sources */ = {isa = PBXBuildFile; fileRef = FEFFE074C18024421417C8E3 /* ContextMaker.swift */; };
		00FFAF9EC90FEC5620B72C60 /* RSUPCEGenerator.swift in Sources */ = {isa = PBXBuildFile; fileRef = FE62F98FDB5822EB1E8D9EB6 /* RSUPCEGenerator.swift */; };
		00FFB12952236B39A63DABF9 /* RSCornersLayer.swift in Sources */ = {isa = PBXBuildFile; fileRef = FE148F3567552E0C17940561 /* RSCornersLayer.swift */; };
		00FFD17AA03E1FD224B8316D /* RSCode39Generator.swift in Sources */ = {isa = PBXBuildFile; fileRef = FE3DC29E8856BCBEF2B20867 /* RSCode39Generator.swift */; };
		00FFD502FDF9CAED610D55C4 /* RSFocusMarkLayer.swift in Sources */ = {isa = PBXBuildFile; fileRef = FEC5B38DDC24AF6512E58D24 /* RSFocusMarkLayer.swift */; };
		00FFD992CA2BD4C854F206B0 /* RSCodeGenerator.swift in Sources */ = {isa = PBXBuildFile; fileRef = FEEA224260A2C5B410D70D26 /* RSCodeGenerator.swift */; };
		00FFE032D07E3ECB06C1414C /* StringExtension.swift in Sources */ = {isa = PBXBuildFile; fileRef = FEAE44B19CB6B6497468F1A3 /* StringExtension.swift */; };
		01FF1B6D3F4215DBFE55F28A /* EditCardItemView.swift in Sources */ = {isa = PBXBuildFile; fileRef = FE0DB5C637A755640EC9936B /* EditCardItemView.swift */; };
		01FF1B9197E106C5B7E78DE0 /* CardItemView.swift in Sources */ = {isa = PBXBuildFile; fileRef = FE52E31D0BA0259A739F11BD /* CardItemView.swift */; };
		01FF3B46EC97F5A81AEAF7FE /* CardsView.swift in Sources */ = {isa = PBXBuildFile; fileRef = FE11319A30C8C16DE6E68792 /* CardsView.swift */; };
		01FF49F22B18A9A7D49C90FD /* PerformanceTracker.swift in Sources */ = {isa = PBXBuildFile; fileRef = FE70877274071896529BB472 /* PerformanceTracker.swift */; };
		01FF4F8FD92EE82F263ED63B /* NavigationRoute.swift in Sources */ = {isa = PBXBuildFile; fileRef = FEE3947611E8819F01368392 /* NavigationRoute.swift */; };
		01FF5607DAF708411F336C55 /* CardItem.swift in Sources */ = {isa = PBXBuildFile; fileRef = FE62F731E1CDE0169584BA4F /* CardItem.swift */; };
		01FF6BC6D4DA68E19DB35A69 /* Loader.swift in Sources */ = {isa = PBXBuildFile; fileRef = FEDF496D9846069B18560001 /* Loader.swift */; };
		01FF6CCBD1C3C6A5A61803FB /* ScannerViewControllerDelegate.swift in Sources */ = {isa = PBXBuildFile; fileRef = FE9F61C5C4261DB51683094A /* ScannerViewControllerDelegate.swift */; };
		01FF71D873C19D5DB2C7B349 /* Colors.swift in Sources */ = {isa = PBXBuildFile; fileRef = FEF603C38D0741877723DA9A /* Colors.swift */; };
		01FF79C09C8835D3BB96BC20 /* CameraScannerView.swift in Sources */ = {isa = PBXBuildFile; fileRef = FEBABA7ACF9591BFBA3D02A2 /* CameraScannerView.swift */; };
		01FF849AE3C2EF6A78BD72C0 /* CardsApp.swift in Sources */ = {isa = PBXBuildFile; fileRef = FE4B7BD6C3575C9DDD65923B /* CardsApp.swift */; };
		01FFA40050A1F2421B5A7D35 /* NavigationManager.swift in Sources */ = {isa = PBXBuildFile; fileRef = FECE84A6C7DB53B850DE72B8 /* NavigationManager.swift */; };
		01FFAC97C06366948622E114 /* Spinner.swift in Sources */ = {isa = PBXBuildFile; fileRef = FECE69235AD777F0C9B79ED8 /* Spinner.swift */; };
		01FFB464676581FC2D4C671D /* BarcodeView.swift in Sources */ = {isa = PBXBuildFile; fileRef = FE93E056F9639CD1B4C6DDC2 /* BarcodeView.swift */; };
		01FFC52A0B0F9B8B3CF9EA41 /* ConditionalModifier.swift in Sources */ = {isa = PBXBuildFile; fileRef = FE76CDBF466886F019AED9A9 /* ConditionalModifier.swift */; };
		01FFCA5E847FC6D4F3DE89FA /* PortraitLockedView.swift in Sources */ = {isa = PBXBuildFile; fileRef = FE22C1AB9DF100504BFC4E8D /* PortraitLockedView.swift */; };
		01FFCF268BD20A9CBA5530BD /* SettingsView.swift in Sources */ = {isa = PBXBuildFile; fileRef = FE02A27E4A3492177A98D7B8 /* SettingsView.swift */; };
		01FFD489BAB22443ECA102A0 /* BarcodeType.swift in Sources */ = {isa = PBXBuildFile; fileRef = FE22A005C9DAB21D4F714CA9 /* BarcodeType.swift */; };
		02FF0E2485923FC481B47252 /* NavigationTests.swift in Sources */ = {isa = PBXBuildFile; fileRef = FE9E66F999A81E7B4BACEDD7 /* NavigationTests.swift */; };
		02FF227F64DBA1C3B1D35BFA /* CardItemTests.swift in Sources */ = {isa = PBXBuildFile; fileRef = FE42AAAC45556E142E19C25F /* CardItemTests.swift */; };
		02FF89E99901E7CF2F21D46B /* PerformanceTrackerTests.swift in Sources */ = {isa = PBXBuildFile; fileRef = FE420AE952D65050B061EC69 /* PerformanceTrackerTests.swift */; };
		02FF9E74B8C5A5C49A2E10EB /* BarcodeViewTests.swift in Sources */ = {isa = PBXBuildFile; fileRef = FE553D997AB475111BA81B4D /* BarcodeViewTests.swift */; };
		02FFDA05DD6B4D51F2DEA414 /* CardsTests.swift in Sources */ = {isa = PBXBuildFile; fileRef = FE1968CBCAD45697A5136776 /* CardsTests.swift */; };
		02FFF37D610A2AC7ED9526C2 /* BarcodeTypeTests.swift in Sources */ = {isa = PBXBuildFile; fileRef = FE2A709884CACF8BD64FF7A8 /* BarcodeTypeTests.swift */; };
		03FF7B64651E6A11C421B0AA /* CardsUITestsLaunchTests.swift in Sources */ = {isa = PBXBuildFile; fileRef = FE2D2B05A8DC9E47C01E90AE /* CardsUITestsLaunchTests.swift */; };
		03FFC405372FDB59CFCA93AC /* CardsUITests.swift in Sources */ = {isa = PBXBuildFile; fileRef = FE73E53E0051DE677E2A4476 /* CardsUITests.swift */; };
		FF0000000000000000000004 /* Products */ = {
			isa = PBXGroup;
			children = (
				0100B2C0EFBF0000000000FF /* Cards.app */,
				0200979CF8F60000000000FF /* CardsTests.xctest */,
				03005E2659750000000000FF /* CardsUITests.xctest */,
				00000F9A6FDC0000000000FF /* libRSBarcodes_Swift.rspm.a */,
			);
			name = Products;
			sourceTree = "<group>";
		};
		FF0000000000000000000005 /* Frameworks */ = {
			isa = PBXGroup;
			children = (
			);
			name = Frameworks;
			sourceTree = "<group>";
		};
	};
	rootObject = FF0000000000000000000001 /* Project object */;
}
