{
  "originHash" : "3ed1bd6d1564985ec37d146052ecf8f19fdd5b8a96c9372607869129ecead933",
  "pins" : [
    {
      "identity" : "rsbarcodes_swift",
      "kind" : "remoteSourceControl",
      "location" : "https://github.com/yeahdongcn/RSBarcodes_Swift.git",
      "state" : {
        "revision" : "241de72a96f49b1545d5de3c00fae170c2675c41",
        "version" : "5.2.0"
      }
    }
  ],
  "version" : 3
}
